
Microsoft Visual Studio Solution File, Format Version 12.00
# Visual Studio Version 17
VisualStudioVersion = 17.11.35327.3
MinimumVisualStudioVersion = 10.0.40219.1
Project("{9A19103F-16F7-4668-BE54-9A1E7A4F7556}") = "ReferralBuilder.API", "ReferralBuilder.API\ReferralBuilder.API.csproj", "{FADBDB83-3694-45C6-8448-C7B9407A6A4F}"
EndProject
Project("{9A19103F-16F7-4668-BE54-9A1E7A4F7556}") = "ReferralBuilder.Application", "ReferralBuilder.Application\ReferralBuilder.Application.csproj", "{52714347-4587-4894-80E6-D7BC4446C855}"
EndProject
Project("{9A19103F-16F7-4668-BE54-9A1E7A4F7556}") = "ReferralBuilder.Contracts", "ReferralBuilder.Contracts\ReferralBuilder.Contracts.csproj", "{0B23935E-52EE-49D1-8814-4F8E162814A9}"
EndProject
Global
	GlobalSection(SolutionConfigurationPlatforms) = preSolution
		Debug|Any CPU = Debug|Any CPU
		Release|Any CPU = Release|Any CPU
	EndGlobalSection
	GlobalSection(ProjectConfigurationPlatforms) = postSolution
		{FADBDB83-3694-45C6-8448-C7B9407A6A4F}.Debug|Any CPU.ActiveCfg = Debug|Any CPU
		{FADBDB83-3694-45C6-8448-C7B9407A6A4F}.Debug|Any CPU.Build.0 = Debug|Any CPU
		{FADBDB83-3694-45C6-8448-C7B9407A6A4F}.Release|Any CPU.ActiveCfg = Release|Any CPU
		{FADBDB83-3694-45C6-8448-C7B9407A6A4F}.Release|Any CPU.Build.0 = Release|Any CPU
		{52714347-4587-4894-80E6-D7BC4446C855}.Debug|Any CPU.ActiveCfg = Debug|Any CPU
		{52714347-4587-4894-80E6-D7BC4446C855}.Debug|Any CPU.Build.0 = Debug|Any CPU
		{52714347-4587-4894-80E6-D7BC4446C855}.Release|Any CPU.ActiveCfg = Release|Any CPU
		{52714347-4587-4894-80E6-D7BC4446C855}.Release|Any CPU.Build.0 = Release|Any CPU
		{0B23935E-52EE-49D1-8814-4F8E162814A9}.Debug|Any CPU.ActiveCfg = Debug|Any CPU
		{0B23935E-52EE-49D1-8814-4F8E162814A9}.Debug|Any CPU.Build.0 = Debug|Any CPU
		{0B23935E-52EE-49D1-8814-4F8E162814A9}.Release|Any CPU.ActiveCfg = Release|Any CPU
		{0B23935E-52EE-49D1-8814-4F8E162814A9}.Release|Any CPU.Build.0 = Release|Any CPU
	EndGlobalSection
	GlobalSection(SolutionProperties) = preSolution
		HideSolutionNode = FALSE
	EndGlobalSection
	GlobalSection(ExtensibilityGlobals) = postSolution
		SolutionGuid = {2D43A63E-6113-43B2-A2AC-E9005F29DC39}
	EndGlobalSection
EndGlobal
